
Microsoft Visual Studio Solution File, Format Version 12.00
# Visual Studio Version 16
VisualStudioVersion = 16.0.31105.61
MinimumVisualStudioVersion = 10.0.40219.1
Project("{9A19103F-16F7-4668-BE54-9A1E7A4F7556}") = "AppCore", "AppCore\AppCore.csproj", "{4BCD5EC4-5262-4625-849B-F42854F34371}"
EndProject
Project("{9A19103F-16F7-4668-BE54-9A1E7A4F7556}") = "Jwt.DAL", "Jwt.DAL\Jwt.DAL.csproj", "{E0D2E105-3B54-4B91-BE45-7122738F43DB}"
EndProject
Project("{9A19103F-16F7-4668-BE54-9A1E7A4F7556}") = "Jwt.Business", "Jwt.Business\Jwt.Business.csproj", "{F031D7B5-26B9-4FA5-8713-333FB4769E68}"
EndProject
Project("{FAE04EC0-301F-11D3-BF4B-00C04F79EFBC}") = "Jwt.WebApi", "Jwt.WebApi\Jwt.WebApi.csproj", "{0A9C943C-6F26-4E42-851A-E2534F3AF0CF}"
EndProject
Global
	GlobalSection(SolutionConfigurationPlatforms) = preSolution
		Debug|Any CPU = Debug|Any CPU
		Release|Any CPU = Release|Any CPU
	EndGlobalSection
	GlobalSection(ProjectConfigurationPlatforms) = postSolution
		{4BCD5EC4-5262-4625-849B-F42854F34371}.Debug|Any CPU.ActiveCfg = Debug|Any CPU
		{4BCD5EC4-5262-4625-849B-F42854F34371}.Debug|Any CPU.Build.0 = Debug|Any CPU
		{4BCD5EC4-5262-4625-849B-F42854F34371}.Release|Any CPU.ActiveCfg = Release|Any CPU
		{4BCD5EC4-5262-4625-849B-F42854F34371}.Release|Any CPU.Build.0 = Release|Any CPU
		{E0D2E105-3B54-4B91-BE45-7122738F43DB}.Debug|Any CPU.ActiveCfg = Debug|Any CPU
		{E0D2E105-3B54-4B91-BE45-7122738F43DB}.Debug|Any CPU.Build.0 = Debug|Any CPU
		{E0D2E105-3B54-4B91-BE45-7122738F43DB}.Release|Any CPU.ActiveCfg = Release|Any CPU
		{E0D2E105-3B54-4B91-BE45-7122738F43DB}.Release|Any CPU.Build.0 = Release|Any CPU
		{F031D7B5-26B9-4FA5-8713-333FB4769E68}.Debug|Any CPU.ActiveCfg = Debug|Any CPU
		{F031D7B5-26B9-4FA5-8713-333FB4769E68}.Debug|Any CPU.Build.0 = Debug|Any CPU
		{F031D7B5-26B9-4FA5-8713-333FB4769E68}.Release|Any CPU.ActiveCfg = Release|Any CPU
		{F031D7B5-26B9-4FA5-8713-333FB4769E68}.Release|Any CPU.Build.0 = Release|Any CPU
		{0A9C943C-6F26-4E42-851A-E2534F3AF0CF}.Debug|Any CPU.ActiveCfg = Debug|Any CPU
		{0A9C943C-6F26-4E42-851A-E2534F3AF0CF}.Debug|Any CPU.Build.0 = Debug|Any CPU
		{0A9C943C-6F26-4E42-851A-E2534F3AF0CF}.Release|Any CPU.ActiveCfg = Release|Any CPU
		{0A9C943C-6F26-4E42-851A-E2534F3AF0CF}.Release|Any CPU.Build.0 = Release|Any CPU
	EndGlobalSection
	GlobalSection(SolutionProperties) = preSolution
		HideSolutionNode = FALSE
	EndGlobalSection
	GlobalSection(ExtensibilityGlobals) = postSolution
		SolutionGuid = {31064B21-C941-42DC-9C14-1963AD3C6428}
	EndGlobalSection
EndGlobal
